
Microsoft Visual Studio Solution File, Format Version 12.00
# Visual Studio Version 17
VisualStudioVersion = 17.7.34009.444
MinimumVisualStudioVersion = 10.0.40219.1
Project("{9A19103F-16F7-4668-BE54-9A1E7A4F7556}") = "OtelKeda.Dotnet.OrderProcessor", "OtelKeda.Dotnet.OrderProcessor\OtelKeda.Dotnet.OrderProcessor.csproj", "{FF49EDEA-8A38-4861-845E-2689CB8C3F12}"
EndProject
Project("{9A19103F-16F7-4668-BE54-9A1E7A4F7556}") = "OtelKeda.Dotnet.OrderGenerator", "OtelKeda.Dotnet.OrderGenerator\OtelKeda.Dotnet.OrderGenerator.csproj", "{8525AEE5-8128-4868-91BF-72999A9E48FB}"
EndProject
Project("{9A19103F-16F7-4668-BE54-9A1E7A4F7556}") = "OtelKeda.Dotnet.Contracts", "OtelKeda.Dotnet.Contracts\OtelKeda.Dotnet.Contracts.csproj", "{EF628766-13C4-4CB9-B17E-1F975DA6E016}"
EndProject
Project("{E53339B2-1760-4266-BCC7-CA923CBCF16C}") = "OtelKeda.Docker", "OtelKeda.Docker.dcproj", "{B74F58D6-EB10-4116-8845-7455B83145E3}"
EndProject
Project("{2150E333-8FDC-42A3-9474-1A3956D46DE8}") = "Infra", "Infra", "{818E420C-FC24-4E63-959C-96B813C23A4C}"
	ProjectSection(SolutionItems) = preProject
		Infra\otel-collector-config.yaml = Infra\otel-collector-config.yaml
		Infra\tempo-config.yaml = Infra\tempo-config.yaml
	EndProjectSection
EndProject
Global
	GlobalSection(SolutionConfigurationPlatforms) = preSolution
		Debug|Any CPU = Debug|Any CPU
		Release|Any CPU = Release|Any CPU
	EndGlobalSection
	GlobalSection(ProjectConfigurationPlatforms) = postSolution
		{FF49EDEA-8A38-4861-845E-2689CB8C3F12}.Debug|Any CPU.ActiveCfg = Debug|Any CPU
		{FF49EDEA-8A38-4861-845E-2689CB8C3F12}.Debug|Any CPU.Build.0 = Debug|Any CPU
		{FF49EDEA-8A38-4861-845E-2689CB8C3F12}.Release|Any CPU.ActiveCfg = Release|Any CPU
		{FF49EDEA-8A38-4861-845E-2689CB8C3F12}.Release|Any CPU.Build.0 = Release|Any CPU
		{8525AEE5-8128-4868-91BF-72999A9E48FB}.Debug|Any CPU.ActiveCfg = Debug|Any CPU
		{8525AEE5-8128-4868-91BF-72999A9E48FB}.Debug|Any CPU.Build.0 = Debug|Any CPU
		{8525AEE5-8128-4868-91BF-72999A9E48FB}.Release|Any CPU.ActiveCfg = Release|Any CPU
		{8525AEE5-8128-4868-91BF-72999A9E48FB}.Release|Any CPU.Build.0 = Release|Any CPU
		{EF628766-13C4-4CB9-B17E-1F975DA6E016}.Debug|Any CPU.ActiveCfg = Debug|Any CPU
		{EF628766-13C4-4CB9-B17E-1F975DA6E016}.Debug|Any CPU.Build.0 = Debug|Any CPU
		{EF628766-13C4-4CB9-B17E-1F975DA6E016}.Release|Any CPU.ActiveCfg = Release|Any CPU
		{EF628766-13C4-4CB9-B17E-1F975DA6E016}.Release|Any CPU.Build.0 = Release|Any CPU
		{B74F58D6-EB10-4116-8845-7455B83145E3}.Debug|Any CPU.ActiveCfg = Debug|Any CPU
		{B74F58D6-EB10-4116-8845-7455B83145E3}.Debug|Any CPU.Build.0 = Debug|Any CPU
		{B74F58D6-EB10-4116-8845-7455B83145E3}.Release|Any CPU.ActiveCfg = Release|Any CPU
		{B74F58D6-EB10-4116-8845-7455B83145E3}.Release|Any CPU.Build.0 = Release|Any CPU
	EndGlobalSection
	GlobalSection(SolutionProperties) = preSolution
		HideSolutionNode = FALSE
	EndGlobalSection
	GlobalSection(ExtensibilityGlobals) = postSolution
		SolutionGuid = {CEE85163-C9CD-441E-BDBA-9E1973C20DCF}
	EndGlobalSection
EndGlobal
